
Microsoft Visual Studio Solution File, Format Version 12.00
# Visual Studio Version 17
VisualStudioVersion = 17.12.35527.113 d17.12
MinimumVisualStudioVersion = 10.0.40219.1
Project("{FAE04EC0-301F-11D3-BF4B-00C04F79EFBC}") = "LabManagement", "LabManagement\LabManagement.csproj", "{DA9CDDDE-5B4C-416C-8106-9F1959622BCD}"
EndProject
Global
	GlobalSection(SolutionConfigurationPlatforms) = preSolution
		Debug|Any CPU = Debug|Any CPU
		Release|Any CPU = Release|Any CPU
	EndGlobalSection
	GlobalSection(ProjectConfigurationPlatforms) = postSolution
		{DA9CDDDE-5B4C-416C-8106-9F1959622BCD}.Debug|Any CPU.ActiveCfg = Debug|Any CPU
		{DA9CDDDE-5B4C-416C-8106-9F1959622BCD}.Debug|Any CPU.Build.0 = Debug|Any CPU
		{DA9CDDDE-5B4C-416C-8106-9F1959622BCD}.Release|Any CPU.ActiveCfg = Release|Any CPU
		{DA9CDDDE-5B4C-416C-8106-9F1959622BCD}.Release|Any CPU.Build.0 = Release|Any CPU
	EndGlobalSection
	GlobalSection(SolutionProperties) = preSolution
		HideSolutionNode = FALSE
	EndGlobalSection
EndGlobal
